// !$*UTF8*$!
{
	archiveVersion = 1;
	classes = {
	};
	objectVersion = 55;
	objects = {

/* Begin PBXBuildFile section */
		CE1A9EA52901704B00C9FE86 /* FirstLVC.swift in Sources */ = {isa = PBXBuildFile; fileRef = CE1A9EA42901704B00C9FE86 /* FirstLVC.swift */; };
		CE1A9EA7290170C300C9FE86 /* FirstRVC.swift in Sources */ = {isa = PBXBuildFile; fileRef = CE1A9EA6290170C300C9FE86 /* FirstRVC.swift */; };
		CE31AA61291A9BFE006ECD93 /* Logger.swift in Sources */ = {isa = PBXBuildFile; fileRef = CE31AA60291A9BFE006ECD93 /* Logger.swift */; };
		CEB3542028F6A209002DF492 /* AppDelegate.swift in Sources */ = {isa = PBXBuildFile; fileRef = CEB3541F28F6A209002DF492 /* AppDelegate.swift */; };
		CEB3542228F6A209002DF492 /* SceneDelegate.swift in Sources */ = {isa = PBXBuildFile; fileRef = CEB3542128F6A209002DF492 /* SceneDelegate.swift */; };
		CEB3542428F6A209002DF492 /* ViewController.swift in Sources */ = {isa = PBXBuildFile; fileRef = CEB3542328F6A209002DF492 /* ViewController.swift */; };
		CEB3542728F6A209002DF492 /* Main.storyboard in Resources */ = {isa = PBXBuildFile; fileRef = CEB3542528F6A209002DF492 /* Main.storyboard */; };
		CEB3542928F6A20A002DF492 /* Assets.xcassets in Resources */ = {isa = PBXBuildFile; fileRef = CEB3542828F6A20A002DF492 /* Assets.xcassets */; };
		CEB3542C28F6A20A002DF492 /* LaunchScreen.storyboard in Resources */ = {isa = PBXBuildFile; fileRef = CEB3542A28F6A20A002DF492 /* LaunchScreen.storyboard */; };
		CEB3543428F6D355002DF492 /* TabBarVC.swift in Sources */ = {isa = PBXBuildFile; fileRef = CEB3543328F6D355002DF492 /* TabBarVC.swift */; };
		CEB3543828F6D487002DF492 /* SecondLVC.swift in Sources */ = {isa = PBXBuildFile; fileRef = CEB3543728F6D487002DF492 /* SecondLVC.swift */; };
		CEB3543C28FC2743002DF492 /* SecondRVC.swift in Sources */ = {isa = PBXBuildFile; fileRef = CEB3543B28FC2743002DF492 /* SecondRVC.swift */; };
/* End PBXBuildFile section */

/* Begin PBXFileReference section */
		CE1A9EA42901704B00C9FE86 /* FirstLVC.swift */ = {isa = PBXFileReference; lastKnownFileType = sourcecode.swift; path = FirstLVC.swift; sourceTree = "<group>"; };
		CE1A9EA6290170C300C9FE86 /* FirstRVC.swift */ = {isa = PBXFileReference; lastKnownFileType = sourcecode.swift; path = FirstRVC.swift; sourceTree = "<group>"; };
		CE31AA60291A9BFE006ECD93 /* Logger.swift */ = {isa = PBXFileReference; lastKnownFileType = sourcecode.swift; path = Logger.swift; sourceTree = "<group>"; };
		CEB3541C28F6A209002DF492 /* NavTabBarSegues.app */ = {isa = PBXFileReference; explicitFileType = wrapper.application; includeInIndex = 0; path = NavTabBarSegues.app; sourceTree = BUILT_PRODUCTS_DIR; };
		CEB3541F28F6A209002DF492 /* AppDelegate.swift */ = {isa = PBXFileReference; lastKnownFileType = sourcecode.swift; path = AppDelegate.swift; sourceTree = "<group>"; };
		CEB3542128F6A209002DF492 /* SceneDelegate.swift */ = {isa = PBXFileReference; lastKnownFileType = sourcecode.swift; path = SceneDelegate.swift; sourceTree = "<group>"; };
		CEB3542328F6A209002DF492 /* ViewController.swift */ = {isa = PBXFileReference; lastKnownFileType = sourcecode.swift; path = ViewController.swift; sourceTree = "<group>"; };
		CEB3542628F6A209002DF492 /* Base */ = {isa = PBXFileReference; lastKnownFileType = file.storyboard; name = Base; path = Base.lproj/Main.storyboard; sourceTree = "<group>"; };
		CEB3542828F6A20A002DF492 /* Assets.xcassets */ = {isa = PBXFileReference; lastKnownFileType = folder.assetcatalog; path = Assets.xcassets; sourceTree = "<group>"; };
		CEB3542B28F6A20A002DF492 /* Base */ = {isa = PBXFileReference; lastKnownFileType = file.storyboard; name = Base; path = Base.lproj/LaunchScreen.storyboard; sourceTree = "<group>"; };
		CEB3542D28F6A20A002DF492 /* Info.plist */ = {isa = PBXFileReference; lastKnownFileType = text.plist.xml; path = Info.plist; sourceTree = "<group>"; };
		CEB3543328F6D355002DF492 /* TabBarVC.swift */ = {isa = PBXFileReference; lastKnownFileType = sourcecode.swift; path = TabBarVC.swift; sourceTree = "<group>"; };
		CEB3543728F6D487002DF492 /* SecondLVC.swift */ = {isa = PBXFileReference; lastKnownFileType = sourcecode.swift; path = SecondLVC.swift; sourceTree = "<group>"; };
		CEB3543B28FC2743002DF492 /* SecondRVC.swift */ = {isa = PBXFileReference; lastKnownFileType = sourcecode.swift; path = SecondRVC.swift; sourceTree = "<group>"; };
/* End PBXFileReference section */

/* Begin PBXFrameworksBuildPhase section */
		CEB3541928F6A209002DF492 /* Frameworks */ = {
			isa = PBXFrameworksBuildPhase;
			buildActionMask = 2147483647;
			files = (
			);
			runOnlyForDeploymentPostprocessing = 0;
		};
/* End PBXFrameworksBuildPhase section */

/* Begin PBXGroup section */
		CEB3541328F6A209002DF492 = {
			isa = PBXGroup;
			children = (
				CEB3541E28F6A209002DF492 /* NavTabBarSegues */,
				CEB3541D28F6A209002DF492 /* Products */,
			);
			sourceTree = "<group>";
		};
		CEB3541D28F6A209002DF492 /* Products */ = {
			isa = PBXGroup;
			children = (
				CEB3541C28F6A209002DF492 /* NavTabBarSegues.app */,
			);
			name = Products;
			sourceTree = "<group>";
		};
		CEB3541E28F6A209002DF492 /* NavTabBarSegues */ = {
			isa = PBXGroup;
			children = (
				CE31AA60291A9BFE006ECD93 /* Logger.swift */,
				CEB3541F28F6A209002DF492 /* AppDelegate.swift */,
				CEB3542128F6A209002DF492 /* SceneDelegate.swift */,
				CEB3542328F6A209002DF492 /* ViewController.swift */,
				CEB3542528F6A209002DF492 /* Main.storyboard */,
				CEB3543328F6D355002DF492 /* TabBarVC.swift */,
				CEB3542828F6A20A002DF492 /* Assets.xcassets */,
				CEB3542A28F6A20A002DF492 /* LaunchScreen.storyboard */,
				CEB3542D28F6A20A002DF492 /* Info.plist */,
				CE1A9EA42901704B00C9FE86 /* FirstLVC.swift */,
				CEB3543728F6D487002DF492 /* SecondLVC.swift */,
				CE1A9EA6290170C300C9FE86 /* FirstRVC.swift */,
				CEB3543B28FC2743002DF492 /* SecondRVC.swift */,
			);
			path = NavTabBarSegues;
			sourceTree = "<group>";
		};
/* End PBXGroup section */

/* Begin PBXNativeTarget section */
		CEB3541B28F6A209002DF492 /* NavTabBarSegues */ = {
			isa = PBXNativeTarget;
			buildConfigurationList = CEB3543028F6A20A002DF492 /* Build configuration list for PBXNativeTarget "NavTabBarSegues" */;
			buildPhases = (
				CEB3541828F6A209002DF492 /* Sources */,
				CEB3541928F6A209002DF492 /* Frameworks */,
				CEB3541A28F6A209002DF492 /* Resources */,
			);
			buildRules = (
			);
			dependencies = (
			);
			name = NavTabBarSegues;
			productName = NavTabBarSegues;
			productReference = CEB3541C28F6A209002DF492 /* NavTabBarSegues.app */;
			productType = "com.apple.product-type.application";
		};
/* End PBXNativeTarget section */

/* Begin PBXProject section */
		CEB3541428F6A209002DF492 /* Project object */ = {
			isa = PBXProject;
			attributes = {
				BuildIndependentTargetsInParallel = 1;
				LastSwiftUpdateCheck = 1340;
				LastUpgradeCheck = 1340;
				TargetAttributes = {
					CEB3541B28F6A209002DF492 = {
						CreatedOnToolsVersion = 13.4.1;
					};
				};
			};
			buildConfigurationList = CEB3541728F6A209002DF492 /* Build configuration list for PBXProject "NavTabBarSegues" */;
			compatibilityVersion = "Xcode 13.0";
			developmentRegion = en;
			hasScannedForEncodings = 0;
			knownRegions = (
				en,
				Base,
			);
			mainGroup = CEB3541328F6A209002DF492;
			productRefGroup = CEB3541D28F6A209002DF492 /* Products */;
			projectDirPath = "";
			projectRoot = "";
			targets = (
				CEB3541B28F6A209002DF492 /* NavTabBarSegues */,
			);
		};
/* End PBXProject section */

/* Begin PBXResourcesBuildPhase section */
		CEB3541A28F6A209002DF492 /* Resources */ = {
			isa = PBXResourcesBuildPhase;
			buildActionMask = 2147483647;
			files = (
				CEB3542C28F6A20A002DF492 /* LaunchScreen.storyboard in Resources */,
				CEB3542928F6A20A002DF492 /* Assets.xcassets in Resources */,
				CEB3542728F6A209002DF492 /* Main.storyboard in Resources */,
			);
			runOnlyForDeploymentPostprocessing = 0;
		};
/* End PBXResourcesBuildPhase section */

/* Begin PBXSourcesBuildPhase section */
		CEB3541828F6A209002DF492 /* Sources */ = {
			isa = PBXSourcesBuildPhase;
			buildActionMask = 2147483647;
			files = (
				CEB3543828F6D487002DF492 /* SecondLVC.swift in Sources */,
				CEB3543428F6D355002DF492 /* TabBarVC.swift in Sources */,
				CEB3543C28FC2743002DF492 /* SecondRVC.swift in Sources */,
				CEB3542428F6A209002DF492 /* ViewController.swift in Sources */,
				CE31AA61291A9BFE006ECD93 /* Logger.swift in Sources */,
				CE1A9EA7290170C300C9FE86 /* FirstRVC.swift in Sources */,
				CEB3542028F6A209002DF492 /* AppDelegate.swift in Sources */,
				CE1A9EA52901704B00C9FE86 /* FirstLVC.swift in Sources */,
				CEB3542228F6A209002DF492 /* SceneDelegate.swift in Sources */,
			);
			runOnlyForDeploymentPostprocessing = 0;
		};
/* End PBXSourcesBuildPhase section */

/* Begin PBXVariantGroup section */
		CEB3542528F6A209002DF492 /* Main.storyboard */ = {
			isa = PBXVariantGroup;
			children = (
				CEB3542628F6A209002DF492 /* Base */,
			);
			name = Main.storyboard;
			sourceTree = "<group>";
		};
		CEB3542A28F6A20A002DF492 /* LaunchScreen.storyboard */ = {
			isa = PBXVariantGroup;
			children = (
				CEB3542B28F6A20A002DF492 /* Base */,
			);
			name = LaunchScreen.storyboard;
			sourceTree = "<group>";
		};
/* End PBXVariantGroup section */

/* Begin XCBuildConfiguration section */
		CEB3542E28F6A20A002DF492 /* Debug */ = {
			isa = XCBuildConfiguration;
			buildSettings = {
				ALWAYS_SEARCH_USER_PATHS = NO;
				CLANG_ANALYZER_NONNULL = YES;
				CLANG_ANALYZER_NUMBER_OBJECT_CONVERSION = YES_AGGRESSIVE;
				CLANG_CXX_LANGUAGE_STANDARD = "gnu++17";
				CLANG_ENABLE_MODULES = YES;
				CLANG_ENABLE_OBJC_ARC = YES;
				CLANG_ENABLE_OBJC_WEAK = YES;
				CLANG_WARN_BLOCK_CAPTURE_AUTORELEASING = YES;
				CLANG_WARN_BOOL_CONVERSION = YES;
				CLANG_WARN_COMMA = YES;
				CLANG_WARN_CONSTANT_CONVERSION = YES;
				CLANG_WARN_DEPRECATED_OBJC_IMPLEMENTATIONS = YES;
				CLANG_WARN_DIRECT_OBJC_ISA_USAGE = YES_ERROR;
				CLANG_WARN_DOCUMENTATION_COMMENTS = YES;
				CLANG_WARN_EMPTY_BODY = YES;
				CLANG_WARN_ENUM_CONVERSION = YES;
				CLANG_WARN_INFINITE_RECURSION = YES;
				CLANG_WARN_INT_CONVERSION = YES;
				CLANG_WARN_NON_LITERAL_NULL_CONVERSION = YES;
				CLANG_WARN_OBJC_IMPLICIT_RETAIN_SELF = YES;
				CLANG_WARN_OBJC_LITERAL_CONVERSION = YES;
				CLANG_WARN_OBJC_ROOT_CLASS = YES_ERROR;
				CLANG_WARN_QUOTED_INCLUDE_IN_FRAMEWORK_HEADER = YES;
				CLANG_WARN_RANGE_LOOP_ANALYSIS = YES;
				CLANG_WARN_STRICT_PROTOTYPES = YES;
				CLANG_WARN_SUSPICIOUS_MOVE = YES;
				CLANG_WARN_UNGUARDED_AVAILABILITY = YES_AGGRESSIVE;
				CLANG_WARN_UNREACHABLE_CODE = YES;
				CLANG_WARN__DUPLICATE_METHOD_MATCH = YES;
				COPY_PHASE_STRIP = NO;
				DEBUG_INFORMATION_FORMAT = dwarf;
				ENABLE_STRICT_OBJC_MSGSEND = YES;
				ENABLE_TESTABILITY = YES;
				GCC_C_LANGUAGE_STANDARD = gnu11;
				GCC_DYNAMIC_NO_PIC = NO;
				GCC_NO_COMMON_BLOCKS = YES;
				GCC_OPTIMIZATION_LEVEL = 0;
				GCC_PREPROCESSOR_DEFINITIONS = (
					"DEBUG=1",
					"$(inherited)",
				);
				GCC_WARN_64_TO_32_BIT_CONVERSION = YES;
				GCC_WARN_ABOUT_RETURN_TYPE = YES_ERROR;
				GCC_WARN_UNDECLARED_SELECTOR = YES;
				GCC_WARN_UNINITIALIZED_AUTOS = YES_AGGRESSIVE;
				GCC_WARN_UNUSED_FUNCTION = YES;
				GCC_WARN_UNUSED_VARIABLE = YES;
				IPHONEOS_DEPLOYMENT_TARGET = 15.5;
				MTL_ENABLE_DEBUG_INFO = INCLUDE_SOURCE;
				MTL_FAST_MATH = YES;
				ONLY_ACTIVE_ARCH = YES;
				SDKROOT = iphoneos;
				SWIFT_ACTIVE_COMPILATION_CONDITIONS = DEBUG;
				SWIFT_OPTIMIZATION_LEVEL = "-Onone";
			};
			name = Debug;
		};
		CEB3542F28F6A20A002DF492 /* Release */ = {
			isa = XCBuildConfiguration;
			buildSettings = {
				ALWAYS_SEARCH_USER_PATHS = NO;
				CLANG_ANALYZER_NONNULL = YES;
				CLANG_ANALYZER_NUMBER_OBJECT_CONVERSION = YES_AGGRESSIVE;
				CLANG_CXX_LANGUAGE_STANDARD = "gnu++17";
				CLANG_ENABLE_MODULES = YES;
				CLANG_ENABLE_OBJC_ARC = YES;
				CLANG_ENABLE_OBJC_WEAK = YES;
				CLANG_WARN_BLOCK_CAPTURE_AUTORELEASING = YES;
				CLANG_WARN_BOOL_CONVERSION = YES;
				CLANG_WARN_COMMA = YES;
				CLANG_WARN_CONSTANT_CONVERSION = YES;
				CLANG_WARN_DEPRECATED_OBJC_IMPLEMENTATIONS = YES;
				CLANG_WARN_DIRECT_OBJC_ISA_USAGE = YES_ERROR;
				CLANG_WARN_DOCUMENTATION_COMMENTS = YES;
				CLANG_WARN_EMPTY_BODY = YES;
				CLANG_WARN_ENUM_CONVERSION = YES;
				CLANG_WARN_INFINITE_RECURSION = YES;
				CLANG_WARN_INT_CONVERSION = YES;
				CLANG_WARN_NON_LITERAL_NULL_CONVERSION = YES;
				CLANG_WARN_OBJC_IMPLICIT_RETAIN_SELF = YES;
				CLANG_WARN_OBJC_LITERAL_CONVERSION = YES;
				CLANG_WARN_OBJC_ROOT_CLASS = YES_ERROR;
				CLANG_WARN_QUOTED_INCLUDE_IN_FRAMEWORK_HEADER = YES;
				CLANG_WARN_RANGE_LOOP_ANALYSIS = YES;
				CLANG_WARN_STRICT_PROTOTYPES = YES;
				CLANG_WARN_SUSPICIOUS_MOVE = YES;
				CLANG_WARN_UNGUARDED_AVAILABILITY = YES_AGGRESSIVE;
				CLANG_WARN_UNREACHABLE_CODE = YES;
				CLANG_WARN__DUPLICATE_METHOD_MATCH = YES;
				COPY_PHASE_STRIP = NO;
				DEBUG_INFORMATION_FORMAT = "dwarf-with-dsym";
				ENABLE_NS_ASSERTIONS = NO;
				ENABLE_STRICT_OBJC_MSGSEND = YES;
				GCC_C_LANGUAGE_STANDARD = gnu11;
				GCC_NO_COMMON_BLOCKS = YES;
				GCC_WARN_64_TO_32_BIT_CONVERSION = YES;
				GCC_WARN_ABOUT_RETURN_TYPE = YES_ERROR;
				GCC_WARN_UNDECLARED_SELECTOR = YES;
				GCC_WARN_UNINITIALIZED_AUTOS = YES_AGGRESSIVE;
				GCC_WARN_UNUSED_FUNCTION = YES;
				GCC_WARN_UNUSED_VARIABLE = YES;
				IPHONEOS_DEPLOYMENT_TARGET = 15.5;
				MTL_ENABLE_DEBUG_INFO = NO;
				MTL_FAST_MATH = YES;
				SDKROOT = iphoneos;
				SWIFT_COMPILATION_MODE = wholemodule;
				SWIFT_OPTIMIZATION_LEVEL = "-O";
				VALIDATE_PRODUCT = YES;
			};
			name = Release;
		};
		CEB3543128F6A20A002DF492 /* Debug */ = {
			isa = XCBuildConfiguration;
			buildSettings = {
				ASSETCATALOG_COMPILER_APPICON_NAME = AppIcon;
				ASSETCATALOG_COMPILER_GLOBAL_ACCENT_COLOR_NAME = AccentColor;
				CODE_SIGN_STYLE = Automatic;
				CURRENT_PROJECT_VERSION = 1;
				DEVELOPMENT_TEAM = 6JUPD4559Q;
				GENERATE_INFOPLIST_FILE = YES;
				INFOPLIST_FILE = NavTabBarSegues/Info.plist;
				INFOPLIST_KEY_UIApplicationSupportsIndirectInputEvents = YES;
				INFOPLIST_KEY_UILaunchStoryboardName = LaunchScreen;
				INFOPLIST_KEY_UIMainStoryboardFile = Main;
				INFOPLIST_KEY_UISupportedInterfaceOrientations_iPad = "UIInterfaceOrientationPortrait UIInterfaceOrientationPortraitUpsideDown UIInterfaceOrientationLandscapeLeft UIInterfaceOrientationLandscapeRight";
				INFOPLIST_KEY_UISupportedInterfaceOrientations_iPhone = "UIInterfaceOrientationPortrait UIInterfaceOrientationLandscapeLeft UIInterfaceOrientationLandscapeRight";
				LD_RUNPATH_SEARCH_PATHS = (
					"$(inherited)",
					"@executable_path/Frameworks",
				);
				MARKETING_VERSION = 1.0;
				PRODUCT_BUNDLE_IDENTIFIER = com.kungurov.NavTabBarSegues;
				PRODUCT_NAME = "$(TARGET_NAME)";
				SWIFT_EMIT_LOC_STRINGS = YES;
				SWIFT_VERSION = 5.0;
				TARGETED_DEVICE_FAMILY = 1;
			};
			name = Debug;
		};
		CEB3543228F6A20A002DF492 /* Release */ = {
			isa = XCBuildConfiguration;
			buildSettings = {
				ASSETCATALOG_COMPILER_APPICON_NAME = AppIcon;
				ASSETCATALOG_COMPILER_GLOBAL_ACCENT_COLOR_NAME = AccentColor;
				CODE_SIGN_STYLE = Automatic;
				CURRENT_PROJECT_VERSION = 1;
				DEVELOPMENT_TEAM = 6JUPD4559Q;
				GENERATE_INFOPLIST_FILE = YES;
				INFOPLIST_FILE = NavTabBarSegues/Info.plist;
				INFOPLIST_KEY_UIApplicationSupportsIndirectInputEvents = YES;
				INFOPLIST_KEY_UILaunchStoryboardName = LaunchScreen;
				INFOPLIST_KEY_UIMainStoryboardFile = Main;
				INFOPLIST_KEY_UISupportedInterfaceOrientations_iPad = "UIInterfaceOrientationPortrait UIInterfaceOrientationPortraitUpsideDown UIInterfaceOrientationLandscapeLeft UIInterfaceOrientationLandscapeRight";
				INFOPLIST_KEY_UISupportedInterfaceOrientations_iPhone = "UIInterfaceOrientationPortrait UIInterfaceOrientationLandscapeLeft UIInterfaceOrientationLandscapeRight";
				LD_RUNPATH_SEARCH_PATHS = (
					"$(inherited)",
					"@executable_path/Frameworks",
				);
				MARKETING_VERSION = 1.0;
				PRODUCT_BUNDLE_IDENTIFIER = com.kungurov.NavTabBarSegues;
				PRODUCT_NAME = "$(TARGET_NAME)";
				SWIFT_EMIT_LOC_STRINGS = YES;
				SWIFT_VERSION = 5.0;
				TARGETED_DEVICE_FAMILY = 1;
			};
			name = Release;
		};
/* End XCBuildConfiguration section */

/* Begin XCConfigurationList section */
		CEB3541728F6A209002DF492 /* Build configuration list for PBXProject "NavTabBarSegues" */ = {
			isa = XCConfigurationList;
			buildConfigurations = (
				CEB3542E28F6A20A002DF492 /* Debug */,
				CEB3542F28F6A20A002DF492 /* Release */,
			);
			defaultConfigurationIsVisible = 0;
			defaultConfigurationName = Release;
		};
		CEB3543028F6A20A002DF492 /* Build configuration list for PBXNativeTarget "NavTabBarSegues" */ = {
			isa = XCConfigurationList;
			buildConfigurations = (
				CEB3543128F6A20A002DF492 /* Debug */,
				CEB3543228F6A20A002DF492 /* Release */,
			);
			defaultConfigurationIsVisible = 0;
			defaultConfigurationName = Release;
		};
/* End XCConfigurationList section */
	};
	rootObject = CEB3541428F6A209002DF492 /* Project object */;
}
